
Microsoft Visual Studio Solution File, Format Version 12.00
# Visual Studio Version 16
VisualStudioVersion = 16.0.29609.76
MinimumVisualStudioVersion = 10.0.40219.1
Project("{9A19103F-16F7-4668-BE54-9A1E7A4F7556}") = "SrenvioApp", "SrenvioApp.csproj", "{CC37C6C7-33E5-4917-A912-4DB4BEEF2C14}"
EndProject
Project("{FAE04EC0-301F-11D3-BF4B-00C04F79EFBC}") = "UnitTestProject1", "UnitTestProject1\UnitTestProject1.csproj", "{8CF3F6AF-6477-4A0D-BE79-14ECDF06EF6B}"
EndProject
Project("{FAE04EC0-301F-11D3-BF4B-00C04F79EFBC}") = "UtilitiesSrenvio", "UtilitiesSrenvio\UtilitiesSrenvio.csproj", "{E2A387D2-9F85-49A9-BE2D-CA0C8B4F5C30}"
EndProject
Project("{2150E333-8FDC-42A3-9474-1A3956D46DE8}") = "ClientSPA_ReactJS", "ClientSPA_ReactJS", "{DD746DB0-E1AD-4CE8-B6B3-07A6C99C2DF5}"
EndProject
Global
	GlobalSection(SolutionConfigurationPlatforms) = preSolution
		Debug|Any CPU = Debug|Any CPU
		Release|Any CPU = Release|Any CPU
	EndGlobalSection
	GlobalSection(ProjectConfigurationPlatforms) = postSolution
		{CC37C6C7-33E5-4917-A912-4DB4BEEF2C14}.Debug|Any CPU.ActiveCfg = Debug|Any CPU
		{CC37C6C7-33E5-4917-A912-4DB4BEEF2C14}.Debug|Any CPU.Build.0 = Debug|Any CPU
		{CC37C6C7-33E5-4917-A912-4DB4BEEF2C14}.Release|Any CPU.ActiveCfg = Release|Any CPU
		{CC37C6C7-33E5-4917-A912-4DB4BEEF2C14}.Release|Any CPU.Build.0 = Release|Any CPU
		{8CF3F6AF-6477-4A0D-BE79-14ECDF06EF6B}.Debug|Any CPU.ActiveCfg = Debug|Any CPU
		{8CF3F6AF-6477-4A0D-BE79-14ECDF06EF6B}.Debug|Any CPU.Build.0 = Debug|Any CPU
		{8CF3F6AF-6477-4A0D-BE79-14ECDF06EF6B}.Release|Any CPU.ActiveCfg = Release|Any CPU
		{8CF3F6AF-6477-4A0D-BE79-14ECDF06EF6B}.Release|Any CPU.Build.0 = Release|Any CPU
		{E2A387D2-9F85-49A9-BE2D-CA0C8B4F5C30}.Debug|Any CPU.ActiveCfg = Debug|Any CPU
		{E2A387D2-9F85-49A9-BE2D-CA0C8B4F5C30}.Debug|Any CPU.Build.0 = Debug|Any CPU
		{E2A387D2-9F85-49A9-BE2D-CA0C8B4F5C30}.Release|Any CPU.ActiveCfg = Release|Any CPU
		{E2A387D2-9F85-49A9-BE2D-CA0C8B4F5C30}.Release|Any CPU.Build.0 = Release|Any CPU
	EndGlobalSection
	GlobalSection(SolutionProperties) = preSolution
		HideSolutionNode = FALSE
	EndGlobalSection
	GlobalSection(ExtensibilityGlobals) = postSolution
		SolutionGuid = {9A989065-7304-4D8D-AD5E-8B56CC958DE2}
	EndGlobalSection
EndGlobal
